{
  "name": "typescript-fetch",
  "lockfileVersion": 2,
  "requires": true,
  "packages": {
    "": {
      "workspaces": [
        "packages/*"
      ],
      "devDependencies": {
        "turbo": "^1.6.3"
      }
    },
    "node_modules/@remix-run/router": {
      "version": "1.0.5",
      "resolved": "https://registry.npmjs.org/@remix-run/router/-/router-1.0.5.tgz",
      "integrity": "sha512-my0Mycd+jruq/1lQuO5LBB6WTlL/e8DTCYWp44DfMTDcXz8DcTlgF0ISaLsGewt+ctHN+yA8xMq3q/N7uWJPug==",
      "engines": {
        "node": ">=14"
      }
    },
    "node_modules/remix-router-cf-worker": {
      "resolved": "packages/remix-router-cf-worker",
      "link": true
    },
    "node_modules/turbo": {
      "version": "1.6.3",
      "resolved": "https://registry.npmjs.org/turbo/-/turbo-1.6.3.tgz",
      "integrity": "sha512-FtfhJLmEEtHveGxW4Ye/QuY85AnZ2ZNVgkTBswoap7UMHB1+oI4diHPNyqrQLG4K1UFtCkjOlVoLsllUh/9QRw==",
      "dev": true,
      "hasInstallScript": true,
      "bin": {
        "turbo": "bin/turbo"
      },
      "optionalDependencies": {
        "turbo-darwin-64": "1.6.3",
        "turbo-darwin-arm64": "1.6.3",
        "turbo-linux-64": "1.6.3",
        "turbo-linux-arm64": "1.6.3",
        "turbo-windows-64": "1.6.3",
        "turbo-windows-arm64": "1.6.3"
      }
    },
    "node_modules/turbo-darwin-64": {
      "version": "1.6.3",
      "resolved": "https://registry.npmjs.org/turbo-darwin-64/-/turbo-darwin-64-1.6.3.tgz",
      "integrity": "sha512-QmDIX0Yh1wYQl0bUS0gGWwNxpJwrzZU2GIAYt3aOKoirWA2ecnyb3R6ludcS1znfNV2MfunP+l8E3ncxUHwtjA==",
      "cpu": [
        "x64"
      ],
      "dev": true,
      "optional": true,
      "os": [
        "darwin"
      ]
    },
    "node_modules/turbo-darwin-arm64": {
      "version": "1.6.3",
      "resolved": "https://registry.npmjs.org/turbo-darwin-arm64/-/turbo-darwin-arm64-1.6.3.tgz",
      "integrity": "sha512-75DXhFpwE7CinBbtxTxH08EcWrxYSPFow3NaeFwsG8aymkWXF+U2aukYHJA6I12n9/dGqf7yRXzkF0S/9UtdyQ==",
      "cpu": [
        "arm64"
      ],
      "dev": true,
      "optional": true,
      "os": [
        "darwin"
      ]
    },
    "node_modules/turbo-linux-64": {
      "version": "1.6.3",
      "resolved": "https://registry.npmjs.org/turbo-linux-64/-/turbo-linux-64-1.6.3.tgz",
      "integrity": "sha512-O9uc6J0yoRPWdPg9THRQi69K6E2iZ98cRHNvus05lZbcPzZTxJYkYGb5iagCmCW/pq6fL4T4oLWAd6evg2LGQA==",
      "cpu": [
        "x64"
      ],
      "dev": true,
      "optional": true,
      "os": [
        "linux"
      ]
    },
    "node_modules/turbo-linux-arm64": {
      "version": "1.6.3",
      "resolved": "https://registry.npmjs.org/turbo-linux-arm64/-/turbo-linux-arm64-1.6.3.tgz",
      "integrity": "sha512-dCy667qqEtZIhulsRTe8hhWQNCJO0i20uHXv7KjLHuFZGCeMbWxB8rsneRoY+blf8+QNqGuXQJxak7ayjHLxiA==",
      "cpu": [
        "arm64"
      ],
      "dev": true,
      "optional": true,
      "os": [
        "linux"
      ]
    },
    "node_modules/turbo-windows-64": {
      "version": "1.6.3",
      "resolved": "https://registry.npmjs.org/turbo-windows-64/-/turbo-windows-64-1.6.3.tgz",
      "integrity": "sha512-lKRqwL3mrVF09b9KySSaOwetehmGknV9EcQTF7d2dxngGYYX1WXoQLjFP9YYH8ZV07oPm+RUOAKSCQuDuMNhiA==",
      "cpu": [
        "x64"
      ],
      "dev": true,
      "optional": true,
      "os": [
        "win32"
      ]
    },
    "node_modules/turbo-windows-arm64": {
      "version": "1.6.3",
      "resolved": "https://registry.npmjs.org/turbo-windows-arm64/-/turbo-windows-arm64-1.6.3.tgz",
      "integrity": "sha512-BXY1sDPEA1DgPwuENvDCD8B7Hb0toscjus941WpL8CVd10hg9pk/MWn9CNgwDO5Q9ks0mw+liDv2EMnleEjeNA==",
      "cpu": [
        "arm64"
      ],
      "dev": true,
      "optional": true,
      "os": [
        "win32"
      ]
    },
    "node_modules/typescript": {
      "version": "4.9.4",
      "resolved": "https://registry.npmjs.org/typescript/-/typescript-4.9.4.tgz",
      "integrity": "sha512-Uz+dTXYzxXXbsFpM86Wh3dKCxrQqUcVMxwU54orwlJjOpO3ao8L7j5lH+dWfTwgCwIuM9GQ2kvVotzYJMXTBZg==",
      "dev": true,
      "bin": {
        "tsc": "bin/tsc",
        "tsserver": "bin/tsserver"
      },
      "engines": {
        "node": ">=4.2.0"
      }
    },
    "node_modules/typescript-fetch": {
      "resolved": "packages/typescript-fetch",
      "link": true
    },
    "packages/remix-router-cf-worker": {
      "version": "0.0.0",
      "dependencies": {
        "@remix-run/router": "1.0.5",
        "typescript-fetch": "0.0.0"
      },
      "devDependencies": {
        "typescript": "^4.9.3"
      }
    },
    "packages/typescript-fetch": {
      "version": "0.0.0",
      "devDependencies": {
        "typescript": "^4.9.3"
      }
    }
  },
  "dependencies": {
    "@remix-run/router": {
      "version": "1.0.5",
      "resolved": "https://registry.npmjs.org/@remix-run/router/-/router-1.0.5.tgz",
      "integrity": "sha512-my0Mycd+jruq/1lQuO5LBB6WTlL/e8DTCYWp44DfMTDcXz8DcTlgF0ISaLsGewt+ctHN+yA8xMq3q/N7uWJPug=="
    },
    "remix-router-cf-worker": {
      "version": "file:packages/remix-router-cf-worker",
      "requires": {
        "@remix-run/router": "1.0.5",
        "typescript": "^4.9.3",
        "typescript-fetch": "0.0.0"
      }
    },
    "turbo": {
      "version": "1.6.3",
      "resolved": "https://registry.npmjs.org/turbo/-/turbo-1.6.3.tgz",
      "integrity": "sha512-FtfhJLmEEtHveGxW4Ye/QuY85AnZ2ZNVgkTBswoap7UMHB1+oI4diHPNyqrQLG4K1UFtCkjOlVoLsllUh/9QRw==",
      "dev": true,
      "requires": {
        "turbo-darwin-64": "1.6.3",
        "turbo-darwin-arm64": "1.6.3",
        "turbo-linux-64": "1.6.3",
        "turbo-linux-arm64": "1.6.3",
        "turbo-windows-64": "1.6.3",
        "turbo-windows-arm64": "1.6.3"
      }
    },
    "turbo-darwin-64": {
      "version": "1.6.3",
      "resolved": "https://registry.npmjs.org/turbo-darwin-64/-/turbo-darwin-64-1.6.3.tgz",
      "integrity": "sha512-QmDIX0Yh1wYQl0bUS0gGWwNxpJwrzZU2GIAYt3aOKoirWA2ecnyb3R6ludcS1znfNV2MfunP+l8E3ncxUHwtjA==",
      "dev": true,
      "optional": true
    },
    "turbo-darwin-arm64": {
      "version": "1.6.3",
      "resolved": "https://registry.npmjs.org/turbo-darwin-arm64/-/turbo-darwin-arm64-1.6.3.tgz",
      "integrity": "sha512-75DXhFpwE7CinBbtxTxH08EcWrxYSPFow3NaeFwsG8aymkWXF+U2aukYHJA6I12n9/dGqf7yRXzkF0S/9UtdyQ==",
      "dev": true,
      "optional": true
    },
    "turbo-linux-64": {
      "version": "1.6.3",
      "resolved": "https://registry.npmjs.org/turbo-linux-64/-/turbo-linux-64-1.6.3.tgz",
      "integrity": "sha512-O9uc6J0yoRPWdPg9THRQi69K6E2iZ98cRHNvus05lZbcPzZTxJYkYGb5iagCmCW/pq6fL4T4oLWAd6evg2LGQA==",
      "dev": true,
      "optional": true
    },
    "turbo-linux-arm64": {
      "version": "1.6.3",
      "resolved": "https://registry.npmjs.org/turbo-linux-arm64/-/turbo-linux-arm64-1.6.3.tgz",
      "integrity": "sha512-dCy667qqEtZIhulsRTe8hhWQNCJO0i20uHXv7KjLHuFZGCeMbWxB8rsneRoY+blf8+QNqGuXQJxak7ayjHLxiA==",
      "dev": true,
      "optional": true
    },
    "turbo-windows-64": {
      "version": "1.6.3",
      "resolved": "https://registry.npmjs.org/turbo-windows-64/-/turbo-windows-64-1.6.3.tgz",
      "integrity": "sha512-lKRqwL3mrVF09b9KySSaOwetehmGknV9EcQTF7d2dxngGYYX1WXoQLjFP9YYH8ZV07oPm+RUOAKSCQuDuMNhiA==",
      "dev": true,
      "optional": true
    },
    "turbo-windows-arm64": {
      "version": "1.6.3",
      "resolved": "https://registry.npmjs.org/turbo-windows-arm64/-/turbo-windows-arm64-1.6.3.tgz",
      "integrity": "sha512-BXY1sDPEA1DgPwuENvDCD8B7Hb0toscjus941WpL8CVd10hg9pk/MWn9CNgwDO5Q9ks0mw+liDv2EMnleEjeNA==",
      "dev": true,
      "optional": true
    },
    "typescript": {
      "version": "4.9.4",
      "resolved": "https://registry.npmjs.org/typescript/-/typescript-4.9.4.tgz",
      "integrity": "sha512-Uz+dTXYzxXXbsFpM86Wh3dKCxrQqUcVMxwU54orwlJjOpO3ao8L7j5lH+dWfTwgCwIuM9GQ2kvVotzYJMXTBZg==",
      "dev": true
    },
    "typescript-fetch": {
      "version": "file:packages/typescript-fetch",
      "requires": {
        "typescript": "^4.9.3"
      }
    }
  }
}
